
Microsoft Visual Studio Solution File, Format Version 12.00
# Visual Studio Version 17
VisualStudioVersion = 17.4.33213.308
MinimumVisualStudioVersion = 10.0.40219.1
Project("{9A19103F-16F7-4668-BE54-9A1E7A4F7556}") = "MovieStoreApplication", "MovieStoreApplication\MovieStoreApplication.csproj", "{B26E2C46-5E8E-473D-AC5A-E06174CD21AA}"
EndProject
Project("{9A19103F-16F7-4668-BE54-9A1E7A4F7556}") = "MovieStoreApplication.Data", "MovieStoreApplication.Data\MovieStoreApplication.Data.csproj", "{96F37D0D-7DB1-4CBE-AB24-9F009FA661B4}"
EndProject
Project("{9A19103F-16F7-4668-BE54-9A1E7A4F7556}") = "MovieStoreApplication.Business", "MovieStoreApplication.Business\MovieStoreApplication.Business.csproj", "{8279DF68-FB73-4664-A513-59BF643BE582}"
EndProject
Global
	GlobalSection(SolutionConfigurationPlatforms) = preSolution
		Debug|Any CPU = Debug|Any CPU
		Release|Any CPU = Release|Any CPU
	EndGlobalSection
	GlobalSection(ProjectConfigurationPlatforms) = postSolution
		{B26E2C46-5E8E-473D-AC5A-E06174CD21AA}.Debug|Any CPU.ActiveCfg = Debug|Any CPU
		{B26E2C46-5E8E-473D-AC5A-E06174CD21AA}.Debug|Any CPU.Build.0 = Debug|Any CPU
		{B26E2C46-5E8E-473D-AC5A-E06174CD21AA}.Release|Any CPU.ActiveCfg = Release|Any CPU
		{B26E2C46-5E8E-473D-AC5A-E06174CD21AA}.Release|Any CPU.Build.0 = Release|Any CPU
		{96F37D0D-7DB1-4CBE-AB24-9F009FA661B4}.Debug|Any CPU.ActiveCfg = Debug|Any CPU
		{96F37D0D-7DB1-4CBE-AB24-9F009FA661B4}.Debug|Any CPU.Build.0 = Debug|Any CPU
		{96F37D0D-7DB1-4CBE-AB24-9F009FA661B4}.Release|Any CPU.ActiveCfg = Release|Any CPU
		{96F37D0D-7DB1-4CBE-AB24-9F009FA661B4}.Release|Any CPU.Build.0 = Release|Any CPU
		{8279DF68-FB73-4664-A513-59BF643BE582}.Debug|Any CPU.ActiveCfg = Debug|Any CPU
		{8279DF68-FB73-4664-A513-59BF643BE582}.Debug|Any CPU.Build.0 = Debug|Any CPU
		{8279DF68-FB73-4664-A513-59BF643BE582}.Release|Any CPU.ActiveCfg = Release|Any CPU
		{8279DF68-FB73-4664-A513-59BF643BE582}.Release|Any CPU.Build.0 = Release|Any CPU
	EndGlobalSection
	GlobalSection(SolutionProperties) = preSolution
		HideSolutionNode = FALSE
	EndGlobalSection
	GlobalSection(ExtensibilityGlobals) = postSolution
		SolutionGuid = {8C972BA7-4743-45D6-8DA5-41130B4B6E1E}
	EndGlobalSection
EndGlobal
